// !$*UTF8*$!
{
	archiveVersion = 1;
	classes = {
	};
	objectVersion = 56;
	objects = {

/* Begin PBXBuildFile section */
		AC784CB729CB085500127E40 /* CountriesAPIApp.swift in Sources */ = {isa = PBXBuildFile; fileRef = AC784CB629CB085500127E40 /* CountriesAPIApp.swift */; };
		AC784CB929CB085500127E40 /* ContentView.swift in Sources */ = {isa = PBXBuildFile; fileRef = AC784CB829CB085500127E40 /* ContentView.swift */; };
		AC784CBB29CB085600127E40 /* Assets.xcassets in Resources */ = {isa = PBXBuildFile; fileRef = AC784CBA29CB085600127E40 /* Assets.xcassets */; };
		AC784CBE29CB085600127E40 /* Preview Assets.xcassets in Resources */ = {isa = PBXBuildFile; fileRef = AC784CBD29CB085600127E40 /* Preview Assets.xcassets */; };
		AC784CC829CB085700127E40 /* CountriesAPITests.swift in Sources */ = {isa = PBXBuildFile; fileRef = AC784CC729CB085700127E40 /* CountriesAPITests.swift */; };
		AC784CD229CB085700127E40 /* CountriesAPIUITests.swift in Sources */ = {isa = PBXBuildFile; fileRef = AC784CD129CB085700127E40 /* CountriesAPIUITests.swift */; };
		AC784CD429CB085700127E40 /* CountriesAPIUITestsLaunchTests.swift in Sources */ = {isa = PBXBuildFile; fileRef = AC784CD329CB085700127E40 /* CountriesAPIUITestsLaunchTests.swift */; };
/* End PBXBuildFile section */

/* Begin PBXContainerItemProxy section */
		AC784CC429CB085700127E40 /* PBXContainerItemProxy */ = {
			isa = PBXContainerItemProxy;
			containerPortal = AC784CAB29CB085500127E40 /* Project object */;
			proxyType = 1;
			remoteGlobalIDString = AC784CB229CB085500127E40;
			remoteInfo = CountriesAPI;
		};
		AC784CCE29CB085700127E40 /* PBXContainerItemProxy */ = {
			isa = PBXContainerItemProxy;
			containerPortal = AC784CAB29CB085500127E40 /* Project object */;
			proxyType = 1;
			remoteGlobalIDString = AC784CB229CB085500127E40;
			remoteInfo = CountriesAPI;
		};
/* End PBXContainerItemProxy section */

/* Begin PBXFileReference section */
		AC784CB329CB085500127E40 /* CountriesAPI.app */ = {isa = PBXFileReference; explicitFileType = wrapper.application; includeInIndex = 0; path = CountriesAPI.app; sourceTree = BUILT_PRODUCTS_DIR; };
		AC784CB629CB085500127E40 /* CountriesAPIApp.swift */ = {isa = PBXFileReference; lastKnownFileType = sourcecode.swift; path = CountriesAPIApp.swift; sourceTree = "<group>"; };
		AC784CB829CB085500127E40 /* ContentView.swift */ = {isa = PBXFileReference; lastKnownFileType = sourcecode.swift; path = ContentView.swift; sourceTree = "<group>"; };
		AC784CBA29CB085600127E40 /* Assets.xcassets */ = {isa = PBXFileReference; lastKnownFileType = folder.assetcatalog; path = Assets.xcassets; sourceTree = "<group>"; };
		AC784CBD29CB085600127E40 /* Preview Assets.xcassets */ = {isa = PBXFileReference; lastKnownFileType = folder.assetcatalog; path = "Preview Assets.xcassets"; sourceTree = "<group>"; };
		AC784CC329CB085700127E40 /* CountriesAPITests.xctest */ = {isa = PBXFileReference; explicitFileType = wrapper.cfbundle; includeInIndex = 0; path = CountriesAPITests.xctest; sourceTree = BUILT_PRODUCTS_DIR; };
		AC784CC729CB085700127E40 /* CountriesAPITests.swift */ = {isa = PBXFileReference; lastKnownFileType = sourcecode.swift; path = CountriesAPITests.swift; sourceTree = "<group>"; };
		AC784CCD29CB085700127E40 /* CountriesAPIUITests.xctest */ = {isa = PBXFileReference; explicitFileType = wrapper.cfbundle; includeInIndex = 0; path = CountriesAPIUITests.xctest; sourceTree = BUILT_PRODUCTS_DIR; };
		AC784CD129CB085700127E40 /* CountriesAPIUITests.swift */ = {isa = PBXFileReference; lastKnownFileType = sourcecode.swift; path = CountriesAPIUITests.swift; sourceTree = "<group>"; };
		AC784CD329CB085700127E40 /* CountriesAPIUITestsLaunchTests.swift */ = {isa = PBXFileReference; lastKnownFileType = sourcecode.swift; path = CountriesAPIUITestsLaunchTests.swift; sourceTree = "<group>"; };
/* End PBXFileReference section */

/* Begin PBXFrameworksBuildPhase section */
		AC784CB029CB085500127E40 /* Frameworks */ = {
			isa = PBXFrameworksBuildPhase;
			buildActionMask = 2147483647;
			files = (
			);
			runOnlyForDeploymentPostprocessing = 0;
		};
		AC784CC029CB085700127E40 /* Frameworks */ = {
			isa = PBXFrameworksBuildPhase;
			buildActionMask = 2147483647;
			files = (
			);
			runOnlyForDeploymentPostprocessing = 0;
		};
		AC784CCA29CB085700127E40 /* Frameworks */ = {
			isa = PBXFrameworksBuildPhase;
			buildActionMask = 2147483647;
			files = (
			);
			runOnlyForDeploymentPostprocessing = 0;
		};
/* End PBXFrameworksBuildPhase section */

/* Begin PBXGroup section */
		AC784CAA29CB085500127E40 = {
			isa = PBXGroup;
			children = (
				AC784CB529CB085500127E40 /* CountriesAPI */,
				AC784CC629CB085700127E40 /* CountriesAPITests */,
				AC784CD029CB085700127E40 /* CountriesAPIUITests */,
				AC784CB429CB085500127E40 /* Products */,
			);
			sourceTree = "<group>";
		};
		AC784CB429CB085500127E40 /* Products */ = {
			isa = PBXGroup;
			children = (
				AC784CB329CB085500127E40 /* CountriesAPI.app */,
				AC784CC329CB085700127E40 /* CountriesAPITests.xctest */,
				AC784CCD29CB085700127E40 /* CountriesAPIUITests.xctest */,
			);
			name = Products;
			sourceTree = "<group>";
		};
		AC784CB529CB085500127E40 /* CountriesAPI */ = {
			isa = PBXGroup;
			children = (
				AC784CB629CB085500127E40 /* CountriesAPIApp.swift */,
				AC784CB829CB085500127E40 /* ContentView.swift */,
				AC784CBA29CB085600127E40 /* Assets.xcassets */,
				AC784CBC29CB085600127E40 /* Preview Content */,
			);
			path = CountriesAPI;
			sourceTree = "<group>";
		};
		AC784CBC29CB085600127E40 /* Preview Content */ = {
			isa = PBXGroup;
			children = (
				AC784CBD29CB085600127E40 /* Preview Assets.xcassets */,
			);
			path = "Preview Content";
			sourceTree = "<group>";
		};
		AC784CC629CB085700127E40 /* CountriesAPITests */ = {
			isa = PBXGroup;
			children = (
				AC784CC729CB085700127E40 /* CountriesAPITests.swift */,
			);
			path = CountriesAPITests;
			sourceTree = "<group>";
		};
		AC784CD029CB085700127E40 /* CountriesAPIUITests */ = {
			isa = PBXGroup;
			children = (
				AC784CD129CB085700127E40 /* CountriesAPIUITests.swift */,
				AC784CD329CB085700127E40 /* CountriesAPIUITestsLaunchTests.swift */,
			);
			path = CountriesAPIUITests;
			sourceTree = "<group>";
		};
/* End PBXGroup section */

/* Begin PBXNativeTarget section */
		AC784CB229CB085500127E40 /* CountriesAPI */ = {
			isa = PBXNativeTarget;
			buildConfigurationList = AC784CD729CB085700127E40 /* Build configuration list for PBXNativeTarget "CountriesAPI" */;
			buildPhases = (
				AC784CAF29CB085500127E40 /* Sources */,
				AC784CB029CB085500127E40 /* Frameworks */,
				AC784CB129CB085500127E40 /* Resources */,
			);
			buildRules = (
			);
			dependencies = (
			);
			name = CountriesAPI;
			productName = CountriesAPI;
			productReference = AC784CB329CB085500127E40 /* CountriesAPI.app */;
			productType = "com.apple.product-type.application";
		};
		AC784CC229CB085700127E40 /* CountriesAPITests */ = {
			isa = PBXNativeTarget;
			buildConfigurationList = AC784CDA29CB085700127E40 /* Build configuration list for PBXNativeTarget "CountriesAPITests" */;
			buildPhases = (
				AC784CBF29CB085700127E40 /* Sources */,
				AC784CC029CB085700127E40 /* Frameworks */,
				AC784CC129CB085700127E40 /* Resources */,
			);
			buildRules = (
			);
			dependencies = (
				AC784CC529CB085700127E40 /* PBXTargetDependency */,
			);
			name = CountriesAPITests;
			productName = CountriesAPITests;
			productReference = AC784CC329CB085700127E40 /* CountriesAPITests.xctest */;
			productType = "com.apple.product-type.bundle.unit-test";
		};
		AC784CCC29CB085700127E40 /* CountriesAPIUITests */ = {
			isa = PBXNativeTarget;
			buildConfigurationList = AC784CDD29CB085700127E40 /* Build configuration list for PBXNativeTarget "CountriesAPIUITests" */;
			buildPhases = (
				AC784CC929CB085700127E40 /* Sources */,
				AC784CCA29CB085700127E40 /* Frameworks */,
				AC784CCB29CB085700127E40 /* Resources */,
			);
			buildRules = (
			);
			dependencies = (
				AC784CCF29CB085700127E40 /* PBXTargetDependency */,
			);
			name = CountriesAPIUITests;
			productName = CountriesAPIUITests;
			productReference = AC784CCD29CB085700127E40 /* CountriesAPIUITests.xctest */;
			productType = "com.apple.product-type.bundle.ui-testing";
		};
/* End PBXNativeTarget section */

/* Begin PBXProject section */
		AC784CAB29CB085500127E40 /* Project object */ = {
			isa = PBXProject;
			attributes = {
				BuildIndependentTargetsInParallel = 1;
				LastSwiftUpdateCheck = 1420;
				LastUpgradeCheck = 1420;
				TargetAttributes = {
					AC784CB229CB085500127E40 = {
						CreatedOnToolsVersion = 14.2;
					};
					AC784CC229CB085700127E40 = {
						CreatedOnToolsVersion = 14.2;
						TestTargetID = AC784CB229CB085500127E40;
					};
					AC784CCC29CB085700127E40 = {
						CreatedOnToolsVersion = 14.2;
						TestTargetID = AC784CB229CB085500127E40;
					};
				};
			};
			buildConfigurationList = AC784CAE29CB085500127E40 /* Build configuration list for PBXProject "CountriesAPI" */;
			compatibilityVersion = "Xcode 14.0";
			developmentRegion = en;
			hasScannedForEncodings = 0;
			knownRegions = (
				en,
				Base,
			);
			mainGroup = AC784CAA29CB085500127E40;
			productRefGroup = AC784CB429CB085500127E40 /* Products */;
			projectDirPath = "";
			projectRoot = "";
			targets = (
				AC784CB229CB085500127E40 /* CountriesAPI */,
				AC784CC229CB085700127E40 /* CountriesAPITests */,
				AC784CCC29CB085700127E40 /* CountriesAPIUITests */,
			);
		};
/* End PBXProject section */

/* Begin PBXResourcesBuildPhase section */
		AC784CB129CB085500127E40 /* Resources */ = {
			isa = PBXResourcesBuildPhase;
			buildActionMask = 2147483647;
			files = (
				AC784CBE29CB085600127E40 /* Preview Assets.xcassets in Resources */,
				AC784CBB29CB085600127E40 /* Assets.xcassets in Resources */,
			);
			runOnlyForDeploymentPostprocessing = 0;
		};
		AC784CC129CB085700127E40 /* Resources */ = {
			isa = PBXResourcesBuildPhase;
			buildActionMask = 2147483647;
			files = (
			);
			runOnlyForDeploymentPostprocessing = 0;
		};
		AC784CCB29CB085700127E40 /* Resources */ = {
			isa = PBXResourcesBuildPhase;
			buildActionMask = 2147483647;
			files = (
			);
			runOnlyForDeploymentPostprocessing = 0;
		};
/* End PBXResourcesBuildPhase section */

/* Begin PBXSourcesBuildPhase section */
		AC784CAF29CB085500127E40 /* Sources */ = {
			isa = PBXSourcesBuildPhase;
			buildActionMask = 2147483647;
			files = (
				AC784CB929CB085500127E40 /* ContentView.swift in Sources */,
				AC784CB729CB085500127E40 /* CountriesAPIApp.swift in Sources */,
			);
			runOnlyForDeploymentPostprocessing = 0;
		};
		AC784CBF29CB085700127E40 /* Sources */ = {
			isa = PBXSourcesBuildPhase;
			buildActionMask = 2147483647;
			files = (
				AC784CC829CB085700127E40 /* CountriesAPITests.swift in Sources */,
			);
			runOnlyForDeploymentPostprocessing = 0;
		};
		AC784CC929CB085700127E40 /* Sources */ = {
			isa = PBXSourcesBuildPhase;
			buildActionMask = 2147483647;
			files = (
				AC784CD429CB085700127E40 /* CountriesAPIUITestsLaunchTests.swift in Sources */,
				AC784CD229CB085700127E40 /* CountriesAPIUITests.swift in Sources */,
			);
			runOnlyForDeploymentPostprocessing = 0;
		};
/* End PBXSourcesBuildPhase section */

/* Begin PBXTargetDependency section */
		AC784CC529CB085700127E40 /* PBXTargetDependency */ = {
			isa = PBXTargetDependency;
			target = AC784CB229CB085500127E40 /* CountriesAPI */;
			targetProxy = AC784CC429CB085700127E40 /* PBXContainerItemProxy */;
		};
		AC784CCF29CB085700127E40 /* PBXTargetDependency */ = {
			isa = PBXTargetDependency;
			target = AC784CB229CB085500127E40 /* CountriesAPI */;
			targetProxy = AC784CCE29CB085700127E40 /* PBXContainerItemProxy */;
		};
/* End PBXTargetDependency section */

/* Begin XCBuildConfiguration section */
		AC784CD529CB085700127E40 /* Debug */ = {
			isa = XCBuildConfiguration;
			buildSettings = {
				ALWAYS_SEARCH_USER_PATHS = NO;
				CLANG_ANALYZER_NONNULL = YES;
				CLANG_ANALYZER_NUMBER_OBJECT_CONVERSION = YES_AGGRESSIVE;
				CLANG_CXX_LANGUAGE_STANDARD = "gnu++20";
				CLANG_ENABLE_MODULES = YES;
				CLANG_ENABLE_OBJC_ARC = YES;
				CLANG_ENABLE_OBJC_WEAK = YES;
				CLANG_WARN_BLOCK_CAPTURE_AUTORELEASING = YES;
				CLANG_WARN_BOOL_CONVERSION = YES;
				CLANG_WARN_COMMA = YES;
				CLANG_WARN_CONSTANT_CONVERSION = YES;
				CLANG_WARN_DEPRECATED_OBJC_IMPLEMENTATIONS = YES;
				CLANG_WARN_DIRECT_OBJC_ISA_USAGE = YES_ERROR;
				CLANG_WARN_DOCUMENTATION_COMMENTS = YES;
				CLANG_WARN_EMPTY_BODY = YES;
				CLANG_WARN_ENUM_CONVERSION = YES;
				CLANG_WARN_INFINITE_RECURSION = YES;
				CLANG_WARN_INT_CONVERSION = YES;
				CLANG_WARN_NON_LITERAL_NULL_CONVERSION = YES;
				CLANG_WARN_OBJC_IMPLICIT_RETAIN_SELF = YES;
				CLANG_WARN_OBJC_LITERAL_CONVERSION = YES;
				CLANG_WARN_OBJC_ROOT_CLASS = YES_ERROR;
				CLANG_WARN_QUOTED_INCLUDE_IN_FRAMEWORK_HEADER = YES;
				CLANG_WARN_RANGE_LOOP_ANALYSIS = YES;
				CLANG_WARN_STRICT_PROTOTYPES = YES;
				CLANG_WARN_SUSPICIOUS_MOVE = YES;
				CLANG_WARN_UNGUARDED_AVAILABILITY = YES_AGGRESSIVE;
				CLANG_WARN_UNREACHABLE_CODE = YES;
				CLANG_WARN__DUPLICATE_METHOD_MATCH = YES;
				COPY_PHASE_STRIP = NO;
				DEBUG_INFORMATION_FORMAT = dwarf;
				ENABLE_STRICT_OBJC_MSGSEND = YES;
				ENABLE_TESTABILITY = YES;
				GCC_C_LANGUAGE_STANDARD = gnu11;
				GCC_DYNAMIC_NO_PIC = NO;
				GCC_NO_COMMON_BLOCKS = YES;
				GCC_OPTIMIZATION_LEVEL = 0;
				GCC_PREPROCESSOR_DEFINITIONS = (
					"DEBUG=1",
					"$(inherited)",
				);
				GCC_WARN_64_TO_32_BIT_CONVERSION = YES;
				GCC_WARN_ABOUT_RETURN_TYPE = YES_ERROR;
				GCC_WARN_UNDECLARED_SELECTOR = YES;
				GCC_WARN_UNINITIALIZED_AUTOS = YES_AGGRESSIVE;
				GCC_WARN_UNUSED_FUNCTION = YES;
				GCC_WARN_UNUSED_VARIABLE = YES;
				IPHONEOS_DEPLOYMENT_TARGET = 16.2;
				MTL_ENABLE_DEBUG_INFO = INCLUDE_SOURCE;
				MTL_FAST_MATH = YES;
				ONLY_ACTIVE_ARCH = YES;
				SDKROOT = iphoneos;
				SWIFT_ACTIVE_COMPILATION_CONDITIONS = DEBUG;
				SWIFT_OPTIMIZATION_LEVEL = "-Onone";
			};
			name = Debug;
		};
		AC784CD629CB085700127E40 /* Release */ = {
			isa = XCBuildConfiguration;
			buildSettings = {
				ALWAYS_SEARCH_USER_PATHS = NO;
				CLANG_ANALYZER_NONNULL = YES;
				CLANG_ANALYZER_NUMBER_OBJECT_CONVERSION = YES_AGGRESSIVE;
				CLANG_CXX_LANGUAGE_STANDARD = "gnu++20";
				CLANG_ENABLE_MODULES = YES;
				CLANG_ENABLE_OBJC_ARC = YES;
				CLANG_ENABLE_OBJC_WEAK = YES;
				CLANG_WARN_BLOCK_CAPTURE_AUTORELEASING = YES;
				CLANG_WARN_BOOL_CONVERSION = YES;
				CLANG_WARN_COMMA = YES;
				CLANG_WARN_CONSTANT_CONVERSION = YES;
				CLANG_WARN_DEPRECATED_OBJC_IMPLEMENTATIONS = YES;
				CLANG_WARN_DIRECT_OBJC_ISA_USAGE = YES_ERROR;
				CLANG_WARN_DOCUMENTATION_COMMENTS = YES;
				CLANG_WARN_EMPTY_BODY = YES;
				CLANG_WARN_ENUM_CONVERSION = YES;
				CLANG_WARN_INFINITE_RECURSION = YES;
				CLANG_WARN_INT_CONVERSION = YES;
				CLANG_WARN_NON_LITERAL_NULL_CONVERSION = YES;
				CLANG_WARN_OBJC_IMPLICIT_RETAIN_SELF = YES;
				CLANG_WARN_OBJC_LITERAL_CONVERSION = YES;
				CLANG_WARN_OBJC_ROOT_CLASS = YES_ERROR;
				CLANG_WARN_QUOTED_INCLUDE_IN_FRAMEWORK_HEADER = YES;
				CLANG_WARN_RANGE_LOOP_ANALYSIS = YES;
				CLANG_WARN_STRICT_PROTOTYPES = YES;
				CLANG_WARN_SUSPICIOUS_MOVE = YES;
				CLANG_WARN_UNGUARDED_AVAILABILITY = YES_AGGRESSIVE;
				CLANG_WARN_UNREACHABLE_CODE = YES;
				CLANG_WARN__DUPLICATE_METHOD_MATCH = YES;
				COPY_PHASE_STRIP = NO;
				DEBUG_INFORMATION_FORMAT = "dwarf-with-dsym";
				ENABLE_NS_ASSERTIONS = NO;
				ENABLE_STRICT_OBJC_MSGSEND = YES;
				GCC_C_LANGUAGE_STANDARD = gnu11;
				GCC_NO_COMMON_BLOCKS = YES;
				GCC_WARN_64_TO_32_BIT_CONVERSION = YES;
				GCC_WARN_ABOUT_RETURN_TYPE = YES_ERROR;
				GCC_WARN_UNDECLARED_SELECTOR = YES;
				GCC_WARN_UNINITIALIZED_AUTOS = YES_AGGRESSIVE;
				GCC_WARN_UNUSED_FUNCTION = YES;
				GCC_WARN_UNUSED_VARIABLE = YES;
				IPHONEOS_DEPLOYMENT_TARGET = 16.2;
				MTL_ENABLE_DEBUG_INFO = NO;
				MTL_FAST_MATH = YES;
				SDKROOT = iphoneos;
				SWIFT_COMPILATION_MODE = wholemodule;
				SWIFT_OPTIMIZATION_LEVEL = "-O";
				VALIDATE_PRODUCT = YES;
			};
			name = Release;
		};
		AC784CD829CB085700127E40 /* Debug */ = {
			isa = XCBuildConfiguration;
			buildSettings = {
				ASSETCATALOG_COMPILER_APPICON_NAME = AppIcon;
				ASSETCATALOG_COMPILER_GLOBAL_ACCENT_COLOR_NAME = AccentColor;
				CODE_SIGN_STYLE = Automatic;
				CURRENT_PROJECT_VERSION = 1;
				DEVELOPMENT_ASSET_PATHS = "\"CountriesAPI/Preview Content\"";
				ENABLE_PREVIEWS = YES;
				GENERATE_INFOPLIST_FILE = YES;
				INFOPLIST_KEY_UIApplicationSceneManifest_Generation = YES;
				INFOPLIST_KEY_UIApplicationSupportsIndirectInputEvents = YES;
				INFOPLIST_KEY_UILaunchScreen_Generation = YES;
				INFOPLIST_KEY_UISupportedInterfaceOrientations_iPad = "UIInterfaceOrientationPortrait UIInterfaceOrientationPortraitUpsideDown UIInterfaceOrientationLandscapeLeft UIInterfaceOrientationLandscapeRight";
				INFOPLIST_KEY_UISupportedInterfaceOrientations_iPhone = "UIInterfaceOrientationPortrait UIInterfaceOrientationLandscapeLeft UIInterfaceOrientationLandscapeRight";
				LD_RUNPATH_SEARCH_PATHS = (
					"$(inherited)",
					"@executable_path/Frameworks",
				);
				MARKETING_VERSION = 1.0;
				PRODUCT_BUNDLE_IDENTIFIER = com.lysanderme.CountriesAPI;
				PRODUCT_NAME = "$(TARGET_NAME)";
				SWIFT_EMIT_LOC_STRINGS = YES;
				SWIFT_VERSION = 5.0;
				TARGETED_DEVICE_FAMILY = "1,2";
			};
			name = Debug;
		};
		AC784CD929CB085700127E40 /* Release */ = {
			isa = XCBuildConfiguration;
			buildSettings = {
				ASSETCATALOG_COMPILER_APPICON_NAME = AppIcon;
				ASSETCATALOG_COMPILER_GLOBAL_ACCENT_COLOR_NAME = AccentColor;
				CODE_SIGN_STYLE = Automatic;
				CURRENT_PROJECT_VERSION = 1;
				DEVELOPMENT_ASSET_PATHS = "\"CountriesAPI/Preview Content\"";
				ENABLE_PREVIEWS = YES;
				GENERATE_INFOPLIST_FILE = YES;
				INFOPLIST_KEY_UIApplicationSceneManifest_Generation = YES;
				INFOPLIST_KEY_UIApplicationSupportsIndirectInputEvents = YES;
				INFOPLIST_KEY_UILaunchScreen_Generation = YES;
				INFOPLIST_KEY_UISupportedInterfaceOrientations_iPad = "UIInterfaceOrientationPortrait UIInterfaceOrientationPortraitUpsideDown UIInterfaceOrientationLandscapeLeft UIInterfaceOrientationLandscapeRight";
				INFOPLIST_KEY_UISupportedInterfaceOrientations_iPhone = "UIInterfaceOrientationPortrait UIInterfaceOrientationLandscapeLeft UIInterfaceOrientationLandscapeRight";
				LD_RUNPATH_SEARCH_PATHS = (
					"$(inherited)",
					"@executable_path/Frameworks",
				);
				MARKETING_VERSION = 1.0;
				PRODUCT_BUNDLE_IDENTIFIER = com.lysanderme.CountriesAPI;
				PRODUCT_NAME = "$(TARGET_NAME)";
				SWIFT_EMIT_LOC_STRINGS = YES;
				SWIFT_VERSION = 5.0;
				TARGETED_DEVICE_FAMILY = "1,2";
			};
			name = Release;
		};
		AC784CDB29CB085700127E40 /* Debug */ = {
			isa = XCBuildConfiguration;
			buildSettings = {
				ALWAYS_EMBED_SWIFT_STANDARD_LIBRARIES = YES;
				BUNDLE_LOADER = "$(TEST_HOST)";
				CODE_SIGN_STYLE = Automatic;
				CURRENT_PROJECT_VERSION = 1;
				GENERATE_INFOPLIST_FILE = YES;
				IPHONEOS_DEPLOYMENT_TARGET = 16.2;
				MARKETING_VERSION = 1.0;
				PRODUCT_BUNDLE_IDENTIFIER = com.lysanderme.CountriesAPITests;
				PRODUCT_NAME = "$(TARGET_NAME)";
				SWIFT_EMIT_LOC_STRINGS = NO;
				SWIFT_VERSION = 5.0;
				TARGETED_DEVICE_FAMILY = "1,2";
				TEST_HOST = "$(BUILT_PRODUCTS_DIR)/CountriesAPI.app/$(BUNDLE_EXECUTABLE_FOLDER_PATH)/CountriesAPI";
			};
			name = Debug;
		};
		AC784CDC29CB085700127E40 /* Release */ = {
			isa = XCBuildConfiguration;
			buildSettings = {
				ALWAYS_EMBED_SWIFT_STANDARD_LIBRARIES = YES;
				BUNDLE_LOADER = "$(TEST_HOST)";
				CODE_SIGN_STYLE = Automatic;
				CURRENT_PROJECT_VERSION = 1;
				GENERATE_INFOPLIST_FILE = YES;
				IPHONEOS_DEPLOYMENT_TARGET = 16.2;
				MARKETING_VERSION = 1.0;
				PRODUCT_BUNDLE_IDENTIFIER = com.lysanderme.CountriesAPITests;
				PRODUCT_NAME = "$(TARGET_NAME)";
				SWIFT_EMIT_LOC_STRINGS = NO;
				SWIFT_VERSION = 5.0;
				TARGETED_DEVICE_FAMILY = "1,2";
				TEST_HOST = "$(BUILT_PRODUCTS_DIR)/CountriesAPI.app/$(BUNDLE_EXECUTABLE_FOLDER_PATH)/CountriesAPI";
			};
			name = Release;
		};
		AC784CDE29CB085700127E40 /* Debug */ = {
			isa = XCBuildConfiguration;
			buildSettings = {
				ALWAYS_EMBED_SWIFT_STANDARD_LIBRARIES = YES;
				CODE_SIGN_STYLE = Automatic;
				CURRENT_PROJECT_VERSION = 1;
				GENERATE_INFOPLIST_FILE = YES;
				MARKETING_VERSION = 1.0;
				PRODUCT_BUNDLE_IDENTIFIER = com.lysanderme.CountriesAPIUITests;
				PRODUCT_NAME = "$(TARGET_NAME)";
				SWIFT_EMIT_LOC_STRINGS = NO;
				SWIFT_VERSION = 5.0;
				TARGETED_DEVICE_FAMILY = "1,2";
				TEST_TARGET_NAME = CountriesAPI;
			};
			name = Debug;
		};
		AC784CDF29CB085700127E40 /* Release */ = {
			isa = XCBuildConfiguration;
			buildSettings = {
				ALWAYS_EMBED_SWIFT_STANDARD_LIBRARIES = YES;
				CODE_SIGN_STYLE = Automatic;
				CURRENT_PROJECT_VERSION = 1;
				GENERATE_INFOPLIST_FILE = YES;
				MARKETING_VERSION = 1.0;
				PRODUCT_BUNDLE_IDENTIFIER = com.lysanderme.CountriesAPIUITests;
				PRODUCT_NAME = "$(TARGET_NAME)";
				SWIFT_EMIT_LOC_STRINGS = NO;
				SWIFT_VERSION = 5.0;
				TARGETED_DEVICE_FAMILY = "1,2";
				TEST_TARGET_NAME = CountriesAPI;
			};
			name = Release;
		};
/* End XCBuildConfiguration section */

/* Begin XCConfigurationList section */
		AC784CAE29CB085500127E40 /* Build configuration list for PBXProject "CountriesAPI" */ = {
			isa = XCConfigurationList;
			buildConfigurations = (
				AC784CD529CB085700127E40 /* Debug */,
				AC784CD629CB085700127E40 /* Release */,
			);
			defaultConfigurationIsVisible = 0;
			defaultConfigurationName = Release;
		};
		AC784CD729CB085700127E40 /* Build configuration list for PBXNativeTarget "CountriesAPI" */ = {
			isa = XCConfigurationList;
			buildConfigurations = (
				AC784CD829CB085700127E40 /* Debug */,
				AC784CD929CB085700127E40 /* Release */,
			);
			defaultConfigurationIsVisible = 0;
			defaultConfigurationName = Release;
		};
		AC784CDA29CB085700127E40 /* Build configuration list for PBXNativeTarget "CountriesAPITests" */ = {
			isa = XCConfigurationList;
			buildConfigurations = (
				AC784CDB29CB085700127E40 /* Debug */,
				AC784CDC29CB085700127E40 /* Release */,
			);
			defaultConfigurationIsVisible = 0;
			defaultConfigurationName = Release;
		};
		AC784CDD29CB085700127E40 /* Build configuration list for PBXNativeTarget "CountriesAPIUITests" */ = {
			isa = XCConfigurationList;
			buildConfigurations = (
				AC784CDE29CB085700127E40 /* Debug */,
				AC784CDF29CB085700127E40 /* Release */,
			);
			defaultConfigurationIsVisible = 0;
			defaultConfigurationName = Release;
		};
/* End XCConfigurationList section */
	};
	rootObject = AC784CAB29CB085500127E40 /* Project object */;
}
